
Microsoft Visual Studio Solution File, Format Version 12.00
# Visual Studio Version 16
VisualStudioVersion = 16.0.32802.440
MinimumVisualStudioVersion = 10.0.40219.1
Project("{FAE04EC0-301F-11D3-BF4B-00C04F79EFBC}") = "HesapMakinası", "HesapMakinası\HesapMakinası.csproj", "{346C15E0-BD9B-4367-92D3-297D5B0306DD}"
EndProject
Global
	GlobalSection(SolutionConfigurationPlatforms) = preSolution
		Debug|Any CPU = Debug|Any CPU
		Release|Any CPU = Release|Any CPU
	EndGlobalSection
	GlobalSection(ProjectConfigurationPlatforms) = postSolution
		{346C15E0-BD9B-4367-92D3-297D5B0306DD}.Debug|Any CPU.ActiveCfg = Debug|Any CPU
		{346C15E0-BD9B-4367-92D3-297D5B0306DD}.Debug|Any CPU.Build.0 = Debug|Any CPU
		{346C15E0-BD9B-4367-92D3-297D5B0306DD}.Release|Any CPU.ActiveCfg = Release|Any CPU
		{346C15E0-BD9B-4367-92D3-297D5B0306DD}.Release|Any CPU.Build.0 = Release|Any CPU
	EndGlobalSection
	GlobalSection(SolutionProperties) = preSolution
		HideSolutionNode = FALSE
	EndGlobalSection
	GlobalSection(ExtensibilityGlobals) = postSolution
		SolutionGuid = {1E8264E4-265B-4730-8019-2B794455DF0A}
	EndGlobalSection
EndGlobal
